
Microsoft Visual Studio Solution File, Format Version 12.00
# Visual Studio Version 16
VisualStudioVersion = 16.0.32510.428
MinimumVisualStudioVersion = 10.0.40219.1
Project("{FAE04EC0-301F-11D3-BF4B-00C04F79EFBC}") = "dotnet-core-webapp-sample", "dotnet-core-webapp-sample\dotnet-core-webapp-sample.csproj", "{C0C2E201-FBF0-4ED7-92B1-EF7A1F85C99D}"
EndProject
Global
	GlobalSection(SolutionConfigurationPlatforms) = preSolution
		Debug|Any CPU = Debug|Any CPU
		Release|Any CPU = Release|Any CPU
	EndGlobalSection
	GlobalSection(ProjectConfigurationPlatforms) = postSolution
		{C0C2E201-FBF0-4ED7-92B1-EF7A1F85C99D}.Debug|Any CPU.ActiveCfg = Debug|Any CPU
		{C0C2E201-FBF0-4ED7-92B1-EF7A1F85C99D}.Debug|Any CPU.Build.0 = Debug|Any CPU
		{C0C2E201-FBF0-4ED7-92B1-EF7A1F85C99D}.Release|Any CPU.ActiveCfg = Release|Any CPU
		{C0C2E201-FBF0-4ED7-92B1-EF7A1F85C99D}.Release|Any CPU.Build.0 = Release|Any CPU
	EndGlobalSection
	GlobalSection(SolutionProperties) = preSolution
		HideSolutionNode = FALSE
	EndGlobalSection
	GlobalSection(ExtensibilityGlobals) = postSolution
		SolutionGuid = {5B727D7C-FB18-494F-A9F2-49B338CFFB67}
	EndGlobalSection
EndGlobal
